
Microsoft Visual Studio Solution File, Format Version 12.00
# Visual Studio 14
VisualStudioVersion = 14.0.25420.1
MinimumVisualStudioVersion = 10.0.40219.1
Project("{FAE04EC0-301F-11D3-BF4B-00C04F79EFBC}") = "Dictionaries 1.0", "Dictionaries 1.0\Dictionaries 1.0.csproj", "{FD45661F-CCAE-42FC-BF55-AFA709C5C55C}"
EndProject
Project("{FAE04EC0-301F-11D3-BF4B-00C04F79EFBC}") = "Dictionaries 2.0 Sorted", "Dictionaries 2.0 Sorted\Dictionaries 2.0 Sorted.csproj", "{A0F52213-E78B-4374-9C4F-28241D2E6078}"
EndProject
Project("{FAE04EC0-301F-11D3-BF4B-00C04F79EFBC}") = "Odd Occurrences", "Odd Occurrences\Odd Occurrences.csproj", "{C9709EB3-8427-422A-9229-DF36033531F4}"
EndProject
Project("{FAE04EC0-301F-11D3-BF4B-00C04F79EFBC}") = "Events", "Events\Events.csproj", "{CDE81678-526E-4131-8DCB-DD8500523D3D}"
EndProject
Project("{FAE04EC0-301F-11D3-BF4B-00C04F79EFBC}") = "Count Real Numbers", "Count Real Numbers\Count Real Numbers.csproj", "{BA2F5EE2-CF77-48B1-B7A3-38A9A4231DBC}"
EndProject
Project("{FAE04EC0-301F-11D3-BF4B-00C04F79EFBC}") = "Letter Repetition", "Letter Repetition\Letter Repetition.csproj", "{69092F8F-4EEA-45FE-84DC-D37751C9FEA0}"
EndProject
Project("{FAE04EC0-301F-11D3-BF4B-00C04F79EFBC}") = "Dict-Ref", "Dict-Ref\Dict-Ref.csproj", "{E3669694-69D0-4703-A777-A2E5F2A4601E}"
EndProject
Project("{FAE04EC0-301F-11D3-BF4B-00C04F79EFBC}") = "Mixed Phones", "Mixed Phones\Mixed Phones.csproj", "{C784990F-963E-4AAF-A4BA-40F70EA937B1}"
EndProject
Project("{FAE04EC0-301F-11D3-BF4B-00C04F79EFBC}") = "Exam Shopping", "Exam Shopping\Exam Shopping.csproj", "{0057A527-66A2-43C5-B2A3-B6D8AF6D3542}"
EndProject
Project("{FAE04EC0-301F-11D3-BF4B-00C04F79EFBC}") = "Nested Dictionaries 1.0", "Nested Dictionaries 1.0\Nested Dictionaries 1.0.csproj", "{A3E7E886-A9B1-4E61-9560-5378AEBE42FB}"
EndProject
Project("{FAE04EC0-301F-11D3-BF4B-00C04F79EFBC}") = "Nested Dictionaries 2.0", "Nested Dictionaries 2.0\Nested Dictionaries 2.0.csproj", "{7575FC78-3AD8-415D-9FD9-AF61D84DF71A}"
EndProject
Project("{FAE04EC0-301F-11D3-BF4B-00C04F79EFBC}") = "Nested Dictionaries 3.0", "Nested Dictionaries 3.0\Nested Dictionaries 3.0.csproj", "{3C42E6DA-2848-4B9D-82BB-7109D544AF13}"
EndProject
Project("{FAE04EC0-301F-11D3-BF4B-00C04F79EFBC}") = "Nested Dictionaries 4.0", "Nested Dictionaries 4.0\Nested Dictionaries 4.0.csproj", "{7FCCF0B6-99D6-4E17-B137-4F0429D8F498}"
EndProject
Project("{FAE04EC0-301F-11D3-BF4B-00C04F79EFBC}") = "HashSet 1.0", "HashSet 1.0\HashSet 1.0.csproj", "{FF8A682C-B618-4ED6-A9F2-C0E1649C493E}"
EndProject
Project("{FAE04EC0-301F-11D3-BF4B-00C04F79EFBC}") = "SortedSet", "SortedSet\SortedSet.csproj", "{DFE2B235-4D7B-4C91-B9DA-22E2CBF164F8}"
EndProject
Project("{FAE04EC0-301F-11D3-BF4B-00C04F79EFBC}") = "Average Student Grades", "Average Student Grades\Average Student Grades.csproj", "{BCEA4279-7415-4548-B8C3-8A2125312769}"
EndProject
Project("{FAE04EC0-301F-11D3-BF4B-00C04F79EFBC}") = "Record Unique Names", "Record Unique Names\Record Unique Names.csproj", "{D488C50A-B422-4990-8591-5880E62B4A48}"
EndProject
Project("{FAE04EC0-301F-11D3-BF4B-00C04F79EFBC}") = "Cities by Continent and Country", "Cities by Continent and Country\Cities by Continent and Country.csproj", "{B2557878-DD74-49DF-90D1-4E9BE5FAA81D}"
EndProject
Project("{FAE04EC0-301F-11D3-BF4B-00C04F79EFBC}") = "Group Continents Countries and Cities", "Group Continents Countries and Cities\Group Continents Countries and Cities.csproj", "{69B96494-7012-43B7-A031-FEA7E3FD958B}"
EndProject
Global
	GlobalSection(SolutionConfigurationPlatforms) = preSolution
		Debug|Any CPU = Debug|Any CPU
		Release|Any CPU = Release|Any CPU
	EndGlobalSection
	GlobalSection(ProjectConfigurationPlatforms) = postSolution
		{FD45661F-CCAE-42FC-BF55-AFA709C5C55C}.Debug|Any CPU.ActiveCfg = Debug|Any CPU
		{FD45661F-CCAE-42FC-BF55-AFA709C5C55C}.Debug|Any CPU.Build.0 = Debug|Any CPU
		{FD45661F-CCAE-42FC-BF55-AFA709C5C55C}.Release|Any CPU.ActiveCfg = Release|Any CPU
		{FD45661F-CCAE-42FC-BF55-AFA709C5C55C}.Release|Any CPU.Build.0 = Release|Any CPU
		{A0F52213-E78B-4374-9C4F-28241D2E6078}.Debug|Any CPU.ActiveCfg = Debug|Any CPU
		{A0F52213-E78B-4374-9C4F-28241D2E6078}.Debug|Any CPU.Build.0 = Debug|Any CPU
		{A0F52213-E78B-4374-9C4F-28241D2E6078}.Release|Any CPU.ActiveCfg = Release|Any CPU
		{A0F52213-E78B-4374-9C4F-28241D2E6078}.Release|Any CPU.Build.0 = Release|Any CPU
		{C9709EB3-8427-422A-9229-DF36033531F4}.Debug|Any CPU.ActiveCfg = Debug|Any CPU
		{C9709EB3-8427-422A-9229-DF36033531F4}.Debug|Any CPU.Build.0 = Debug|Any CPU
		{C9709EB3-8427-422A-9229-DF36033531F4}.Release|Any CPU.ActiveCfg = Release|Any CPU
		{C9709EB3-8427-422A-9229-DF36033531F4}.Release|Any CPU.Build.0 = Release|Any CPU
		{CDE81678-526E-4131-8DCB-DD8500523D3D}.Debug|Any CPU.ActiveCfg = Debug|Any CPU
		{CDE81678-526E-4131-8DCB-DD8500523D3D}.Debug|Any CPU.Build.0 = Debug|Any CPU
		{CDE81678-526E-4131-8DCB-DD8500523D3D}.Release|Any CPU.ActiveCfg = Release|Any CPU
		{CDE81678-526E-4131-8DCB-DD8500523D3D}.Release|Any CPU.Build.0 = Release|Any CPU
		{BA2F5EE2-CF77-48B1-B7A3-38A9A4231DBC}.Debug|Any CPU.ActiveCfg = Debug|Any CPU
		{BA2F5EE2-CF77-48B1-B7A3-38A9A4231DBC}.Debug|Any CPU.Build.0 = Debug|Any CPU
		{BA2F5EE2-CF77-48B1-B7A3-38A9A4231DBC}.Release|Any CPU.ActiveCfg = Release|Any CPU
		{BA2F5EE2-CF77-48B1-B7A3-38A9A4231DBC}.Release|Any CPU.Build.0 = Release|Any CPU
		{69092F8F-4EEA-45FE-84DC-D37751C9FEA0}.Debug|Any CPU.ActiveCfg = Debug|Any CPU
		{69092F8F-4EEA-45FE-84DC-D37751C9FEA0}.Debug|Any CPU.Build.0 = Debug|Any CPU
		{69092F8F-4EEA-45FE-84DC-D37751C9FEA0}.Release|Any CPU.ActiveCfg = Release|Any CPU
		{69092F8F-4EEA-45FE-84DC-D37751C9FEA0}.Release|Any CPU.Build.0 = Release|Any CPU
		{E3669694-69D0-4703-A777-A2E5F2A4601E}.Debug|Any CPU.ActiveCfg = Debug|Any CPU
		{E3669694-69D0-4703-A777-A2E5F2A4601E}.Debug|Any CPU.Build.0 = Debug|Any CPU
		{E3669694-69D0-4703-A777-A2E5F2A4601E}.Release|Any CPU.ActiveCfg = Release|Any CPU
		{E3669694-69D0-4703-A777-A2E5F2A4601E}.Release|Any CPU.Build.0 = Release|Any CPU
		{C784990F-963E-4AAF-A4BA-40F70EA937B1}.Debug|Any CPU.ActiveCfg = Debug|Any CPU
		{C784990F-963E-4AAF-A4BA-40F70EA937B1}.Debug|Any CPU.Build.0 = Debug|Any CPU
		{C784990F-963E-4AAF-A4BA-40F70EA937B1}.Release|Any CPU.ActiveCfg = Release|Any CPU
		{C784990F-963E-4AAF-A4BA-40F70EA937B1}.Release|Any CPU.Build.0 = Release|Any CPU
		{0057A527-66A2-43C5-B2A3-B6D8AF6D3542}.Debug|Any CPU.ActiveCfg = Debug|Any CPU
		{0057A527-66A2-43C5-B2A3-B6D8AF6D3542}.Debug|Any CPU.Build.0 = Debug|Any CPU
		{0057A527-66A2-43C5-B2A3-B6D8AF6D3542}.Release|Any CPU.ActiveCfg = Release|Any CPU
		{0057A527-66A2-43C5-B2A3-B6D8AF6D3542}.Release|Any CPU.Build.0 = Release|Any CPU
		{A3E7E886-A9B1-4E61-9560-5378AEBE42FB}.Debug|Any CPU.ActiveCfg = Debug|Any CPU
		{A3E7E886-A9B1-4E61-9560-5378AEBE42FB}.Debug|Any CPU.Build.0 = Debug|Any CPU
		{A3E7E886-A9B1-4E61-9560-5378AEBE42FB}.Release|Any CPU.ActiveCfg = Release|Any CPU
		{A3E7E886-A9B1-4E61-9560-5378AEBE42FB}.Release|Any CPU.Build.0 = Release|Any CPU
		{7575FC78-3AD8-415D-9FD9-AF61D84DF71A}.Debug|Any CPU.ActiveCfg = Debug|Any CPU
		{7575FC78-3AD8-415D-9FD9-AF61D84DF71A}.Debug|Any CPU.Build.0 = Debug|Any CPU
		{7575FC78-3AD8-415D-9FD9-AF61D84DF71A}.Release|Any CPU.ActiveCfg = Release|Any CPU
		{7575FC78-3AD8-415D-9FD9-AF61D84DF71A}.Release|Any CPU.Build.0 = Release|Any CPU
		{3C42E6DA-2848-4B9D-82BB-7109D544AF13}.Debug|Any CPU.ActiveCfg = Debug|Any CPU
		{3C42E6DA-2848-4B9D-82BB-7109D544AF13}.Debug|Any CPU.Build.0 = Debug|Any CPU
		{3C42E6DA-2848-4B9D-82BB-7109D544AF13}.Release|Any CPU.ActiveCfg = Release|Any CPU
		{3C42E6DA-2848-4B9D-82BB-7109D544AF13}.Release|Any CPU.Build.0 = Release|Any CPU
		{7FCCF0B6-99D6-4E17-B137-4F0429D8F498}.Debug|Any CPU.ActiveCfg = Debug|Any CPU
		{7FCCF0B6-99D6-4E17-B137-4F0429D8F498}.Debug|Any CPU.Build.0 = Debug|Any CPU
		{7FCCF0B6-99D6-4E17-B137-4F0429D8F498}.Release|Any CPU.ActiveCfg = Release|Any CPU
		{7FCCF0B6-99D6-4E17-B137-4F0429D8F498}.Release|Any CPU.Build.0 = Release|Any CPU
		{FF8A682C-B618-4ED6-A9F2-C0E1649C493E}.Debug|Any CPU.ActiveCfg = Debug|Any CPU
		{FF8A682C-B618-4ED6-A9F2-C0E1649C493E}.Debug|Any CPU.Build.0 = Debug|Any CPU
		{FF8A682C-B618-4ED6-A9F2-C0E1649C493E}.Release|Any CPU.ActiveCfg = Release|Any CPU
		{FF8A682C-B618-4ED6-A9F2-C0E1649C493E}.Release|Any CPU.Build.0 = Release|Any CPU
		{DFE2B235-4D7B-4C91-B9DA-22E2CBF164F8}.Debug|Any CPU.ActiveCfg = Debug|Any CPU
		{DFE2B235-4D7B-4C91-B9DA-22E2CBF164F8}.Debug|Any CPU.Build.0 = Debug|Any CPU
		{DFE2B235-4D7B-4C91-B9DA-22E2CBF164F8}.Release|Any CPU.ActiveCfg = Release|Any CPU
		{DFE2B235-4D7B-4C91-B9DA-22E2CBF164F8}.Release|Any CPU.Build.0 = Release|Any CPU
		{BCEA4279-7415-4548-B8C3-8A2125312769}.Debug|Any CPU.ActiveCfg = Debug|Any CPU
		{BCEA4279-7415-4548-B8C3-8A2125312769}.Debug|Any CPU.Build.0 = Debug|Any CPU
		{BCEA4279-7415-4548-B8C3-8A2125312769}.Release|Any CPU.ActiveCfg = Release|Any CPU
		{BCEA4279-7415-4548-B8C3-8A2125312769}.Release|Any CPU.Build.0 = Release|Any CPU
		{D488C50A-B422-4990-8591-5880E62B4A48}.Debug|Any CPU.ActiveCfg = Debug|Any CPU
		{D488C50A-B422-4990-8591-5880E62B4A48}.Debug|Any CPU.Build.0 = Debug|Any CPU
		{D488C50A-B422-4990-8591-5880E62B4A48}.Release|Any CPU.ActiveCfg = Release|Any CPU
		{D488C50A-B422-4990-8591-5880E62B4A48}.Release|Any CPU.Build.0 = Release|Any CPU
		{B2557878-DD74-49DF-90D1-4E9BE5FAA81D}.Debug|Any CPU.ActiveCfg = Debug|Any CPU
		{B2557878-DD74-49DF-90D1-4E9BE5FAA81D}.Debug|Any CPU.Build.0 = Debug|Any CPU
		{B2557878-DD74-49DF-90D1-4E9BE5FAA81D}.Release|Any CPU.ActiveCfg = Release|Any CPU
		{B2557878-DD74-49DF-90D1-4E9BE5FAA81D}.Release|Any CPU.Build.0 = Release|Any CPU
		{69B96494-7012-43B7-A031-FEA7E3FD958B}.Debug|Any CPU.ActiveCfg = Debug|Any CPU
		{69B96494-7012-43B7-A031-FEA7E3FD958B}.Debug|Any CPU.Build.0 = Debug|Any CPU
		{69B96494-7012-43B7-A031-FEA7E3FD958B}.Release|Any CPU.ActiveCfg = Release|Any CPU
		{69B96494-7012-43B7-A031-FEA7E3FD958B}.Release|Any CPU.Build.0 = Release|Any CPU
	EndGlobalSection
	GlobalSection(SolutionProperties) = preSolution
		HideSolutionNode = FALSE
	EndGlobalSection
EndGlobal
